
Microsoft Visual Studio Solution File, Format Version 12.00
# Visual Studio Version 17
VisualStudioVersion = 17.5.33516.290
MinimumVisualStudioVersion = 10.0.40219.1
Project("{FAE04EC0-301F-11D3-BF4B-00C04F79EFBC}") = "RandomSentence", "RandomSentence\RandomSentence.csproj", "{F79312EE-D2F2-423F-B1D9-3FCE93B357DD}"
EndProject
Global
	GlobalSection(SolutionConfigurationPlatforms) = preSolution
		Debug|Any CPU = Debug|Any CPU
		Release|Any CPU = Release|Any CPU
	EndGlobalSection
	GlobalSection(ProjectConfigurationPlatforms) = postSolution
		{F79312EE-D2F2-423F-B1D9-3FCE93B357DD}.Debug|Any CPU.ActiveCfg = Debug|Any CPU
		{F79312EE-D2F2-423F-B1D9-3FCE93B357DD}.Debug|Any CPU.Build.0 = Debug|Any CPU
		{F79312EE-D2F2-423F-B1D9-3FCE93B357DD}.Release|Any CPU.ActiveCfg = Release|Any CPU
		{F79312EE-D2F2-423F-B1D9-3FCE93B357DD}.Release|Any CPU.Build.0 = Release|Any CPU
	EndGlobalSection
	GlobalSection(SolutionProperties) = preSolution
		HideSolutionNode = FALSE
	EndGlobalSection
	GlobalSection(ExtensibilityGlobals) = postSolution
		SolutionGuid = {FFD76E76-1062-4717-8CD9-3E94B30C4FF9}
	EndGlobalSection
EndGlobal
